
Microsoft Visual Studio Solution File, Format Version 12.00
# Visual Studio 2013
VisualStudioVersion = 12.0.21005.1
MinimumVisualStudioVersion = 10.0.40219.1
Project("{FAE04EC0-301F-11D3-BF4B-00C04F79EFBC}") = "BackgroundTest", "BackgroundTest\BackgroundTest\BackgroundTest.csproj", "{E8E94AF5-CD99-46FE-9DC6-277C719D1875}"
EndProject
Project("{96E2B04D-8817-42C6-938A-82C39BA4D311}") = "BackgroundTestContent", "BackgroundTest\BackgroundTestContent\BackgroundTestContent.contentproj", "{3AAFFD33-BF71-4E82-A720-86391831ABA5}"
EndProject
Global
	GlobalSection(SolutionConfigurationPlatforms) = preSolution
		Debug|x86 = Debug|x86
		Release|x86 = Release|x86
	EndGlobalSection
	GlobalSection(ProjectConfigurationPlatforms) = postSolution
		{E8E94AF5-CD99-46FE-9DC6-277C719D1875}.Debug|x86.ActiveCfg = Debug|x86
		{E8E94AF5-CD99-46FE-9DC6-277C719D1875}.Debug|x86.Build.0 = Debug|x86
		{E8E94AF5-CD99-46FE-9DC6-277C719D1875}.Release|x86.ActiveCfg = Release|x86
		{E8E94AF5-CD99-46FE-9DC6-277C719D1875}.Release|x86.Build.0 = Release|x86
		{3AAFFD33-BF71-4E82-A720-86391831ABA5}.Debug|x86.ActiveCfg = Debug|x86
		{3AAFFD33-BF71-4E82-A720-86391831ABA5}.Release|x86.ActiveCfg = Release|x86
	EndGlobalSection
	GlobalSection(SolutionProperties) = preSolution
		HideSolutionNode = FALSE
	EndGlobalSection
EndGlobal
